
Microsoft Visual Studio Solution File, Format Version 12.00
# Visual Studio 15
VisualStudioVersion = 15.0.28307.438
MinimumVisualStudioVersion = 10.0.40219.1
Project("{8BC9CEB8-8B4A-11D0-8D11-00A0C91BC942}") = "A", "A\A.vcxproj", "{8D39725E-E06E-478E-BA22-B315D5D79ED9}"
EndProject
Global
	GlobalSection(SolutionConfigurationPlatforms) = preSolution
		Debug|x64 = Debug|x64
		Debug|x86 = Debug|x86
		Release|x64 = Release|x64
		Release|x86 = Release|x86
	EndGlobalSection
	GlobalSection(ProjectConfigurationPlatforms) = postSolution
		{8D39725E-E06E-478E-BA22-B315D5D79ED9}.Debug|x64.ActiveCfg = Debug|x64
		{8D39725E-E06E-478E-BA22-B315D5D79ED9}.Debug|x64.Build.0 = Debug|x64
		{8D39725E-E06E-478E-BA22-B315D5D79ED9}.Debug|x86.ActiveCfg = Debug|Win32
		{8D39725E-E06E-478E-BA22-B315D5D79ED9}.Debug|x86.Build.0 = Debug|Win32
		{8D39725E-E06E-478E-BA22-B315D5D79ED9}.Release|x64.ActiveCfg = Release|x64
		{8D39725E-E06E-478E-BA22-B315D5D79ED9}.Release|x64.Build.0 = Release|x64
		{8D39725E-E06E-478E-BA22-B315D5D79ED9}.Release|x86.ActiveCfg = Release|Win32
		{8D39725E-E06E-478E-BA22-B315D5D79ED9}.Release|x86.Build.0 = Release|Win32
	EndGlobalSection
	GlobalSection(SolutionProperties) = preSolution
		HideSolutionNode = FALSE
	EndGlobalSection
	GlobalSection(ExtensibilityGlobals) = postSolution
		SolutionGuid = {5326C37C-67A1-438C-8475-6397CDEC14F8}
	EndGlobalSection
EndGlobal
